
Microsoft Visual Studio Solution File, Format Version 12.00
# Visual Studio Version 17
VisualStudioVersion = 17.8.34330.188
MinimumVisualStudioVersion = 10.0.40219.1
Project("{FAE04EC0-301F-11D3-BF4B-00C04F79EFBC}") = "ParallelForExample", "ParallelForExample\ParallelForExample.csproj", "{8989E375-008C-49E4-A5BE-E6585C2D4741}"
EndProject
Global
	GlobalSection(SolutionConfigurationPlatforms) = preSolution
		Debug|Any CPU = Debug|Any CPU
		Release|Any CPU = Release|Any CPU
	EndGlobalSection
	GlobalSection(ProjectConfigurationPlatforms) = postSolution
		{8989E375-008C-49E4-A5BE-E6585C2D4741}.Debug|Any CPU.ActiveCfg = Debug|Any CPU
		{8989E375-008C-49E4-A5BE-E6585C2D4741}.Debug|Any CPU.Build.0 = Debug|Any CPU
		{8989E375-008C-49E4-A5BE-E6585C2D4741}.Release|Any CPU.ActiveCfg = Release|Any CPU
		{8989E375-008C-49E4-A5BE-E6585C2D4741}.Release|Any CPU.Build.0 = Release|Any CPU
	EndGlobalSection
	GlobalSection(SolutionProperties) = preSolution
		HideSolutionNode = FALSE
	EndGlobalSection
	GlobalSection(ExtensibilityGlobals) = postSolution
		SolutionGuid = {6CED4847-89EF-4CF2-94B8-3F9B8FBC09F0}
	EndGlobalSection
EndGlobal
