
Microsoft Visual Studio Solution File, Format Version 12.00
# Visual Studio Version 17
VisualStudioVersion = 17.8.34330.188
MinimumVisualStudioVersion = 10.0.40219.1
Project("{FAE04EC0-301F-11D3-BF4B-00C04F79EFBC}") = "WinFormsAssyncAwaitDeepDive", "WinFormsAssyncAwaitDeepDive\WinFormsAssyncAwaitDeepDive.csproj", "{A535D2DE-19FD-4800-BB4E-586C74C3B118}"
EndProject
Global
	GlobalSection(SolutionConfigurationPlatforms) = preSolution
		Debug|Any CPU = Debug|Any CPU
		Release|Any CPU = Release|Any CPU
	EndGlobalSection
	GlobalSection(ProjectConfigurationPlatforms) = postSolution
		{A535D2DE-19FD-4800-BB4E-586C74C3B118}.Debug|Any CPU.ActiveCfg = Debug|Any CPU
		{A535D2DE-19FD-4800-BB4E-586C74C3B118}.Debug|Any CPU.Build.0 = Debug|Any CPU
		{A535D2DE-19FD-4800-BB4E-586C74C3B118}.Release|Any CPU.ActiveCfg = Release|Any CPU
		{A535D2DE-19FD-4800-BB4E-586C74C3B118}.Release|Any CPU.Build.0 = Release|Any CPU
	EndGlobalSection
	GlobalSection(SolutionProperties) = preSolution
		HideSolutionNode = FALSE
	EndGlobalSection
	GlobalSection(ExtensibilityGlobals) = postSolution
		SolutionGuid = {5C157E64-EDC6-4D4C-85D8-688ACDB384F2}
	EndGlobalSection
EndGlobal
