
Microsoft Visual Studio Solution File, Format Version 12.00
# Visual Studio Version 17
VisualStudioVersion = 17.8.34330.188
MinimumVisualStudioVersion = 10.0.40219.1
Project("{FAE04EC0-301F-11D3-BF4B-00C04F79EFBC}") = "DeadlockExample", "DeadlockExample\DeadlockExample.csproj", "{B6684349-A76F-4666-95A2-DD63D832DC85}"
EndProject
Global
	GlobalSection(SolutionConfigurationPlatforms) = preSolution
		Debug|Any CPU = Debug|Any CPU
		Release|Any CPU = Release|Any CPU
	EndGlobalSection
	GlobalSection(ProjectConfigurationPlatforms) = postSolution
		{B6684349-A76F-4666-95A2-DD63D832DC85}.Debug|Any CPU.ActiveCfg = Debug|Any CPU
		{B6684349-A76F-4666-95A2-DD63D832DC85}.Debug|Any CPU.Build.0 = Debug|Any CPU
		{B6684349-A76F-4666-95A2-DD63D832DC85}.Release|Any CPU.ActiveCfg = Release|Any CPU
		{B6684349-A76F-4666-95A2-DD63D832DC85}.Release|Any CPU.Build.0 = Release|Any CPU
	EndGlobalSection
	GlobalSection(SolutionProperties) = preSolution
		HideSolutionNode = FALSE
	EndGlobalSection
	GlobalSection(ExtensibilityGlobals) = postSolution
		SolutionGuid = {10EC0E4B-8C70-4E0C-AE42-9D0B1A556E6C}
	EndGlobalSection
EndGlobal
