
Microsoft Visual Studio Solution File, Format Version 12.00
# Visual Studio Version 17
VisualStudioVersion = 17.8.34330.188
MinimumVisualStudioVersion = 10.0.40219.1
Project("{FAE04EC0-301F-11D3-BF4B-00C04F79EFBC}") = "ConcurrentExample", "ConcurrentExample\ConcurrentExample.csproj", "{43707714-ED2D-4BFE-89EE-76734382169C}"
EndProject
Global
	GlobalSection(SolutionConfigurationPlatforms) = preSolution
		Debug|Any CPU = Debug|Any CPU
		Release|Any CPU = Release|Any CPU
	EndGlobalSection
	GlobalSection(ProjectConfigurationPlatforms) = postSolution
		{43707714-ED2D-4BFE-89EE-76734382169C}.Debug|Any CPU.ActiveCfg = Debug|Any CPU
		{43707714-ED2D-4BFE-89EE-76734382169C}.Debug|Any CPU.Build.0 = Debug|Any CPU
		{43707714-ED2D-4BFE-89EE-76734382169C}.Release|Any CPU.ActiveCfg = Release|Any CPU
		{43707714-ED2D-4BFE-89EE-76734382169C}.Release|Any CPU.Build.0 = Release|Any CPU
	EndGlobalSection
	GlobalSection(SolutionProperties) = preSolution
		HideSolutionNode = FALSE
	EndGlobalSection
	GlobalSection(ExtensibilityGlobals) = postSolution
		SolutionGuid = {1EEABFF6-0869-4970-8010-198D3E0548C8}
	EndGlobalSection
EndGlobal
