
Microsoft Visual Studio Solution File, Format Version 12.00
# Visual Studio Version 17
VisualStudioVersion = 17.8.34330.188
MinimumVisualStudioVersion = 10.0.40219.1
Project("{FAE04EC0-301F-11D3-BF4B-00C04F79EFBC}") = "TplExample", "TplExample\TplExample.csproj", "{A4ABFF8B-E748-4D5A-A2BB-FE0CCC922BAC}"
EndProject
Global
	GlobalSection(SolutionConfigurationPlatforms) = preSolution
		Debug|Any CPU = Debug|Any CPU
		Release|Any CPU = Release|Any CPU
	EndGlobalSection
	GlobalSection(ProjectConfigurationPlatforms) = postSolution
		{A4ABFF8B-E748-4D5A-A2BB-FE0CCC922BAC}.Debug|Any CPU.ActiveCfg = Debug|Any CPU
		{A4ABFF8B-E748-4D5A-A2BB-FE0CCC922BAC}.Debug|Any CPU.Build.0 = Debug|Any CPU
		{A4ABFF8B-E748-4D5A-A2BB-FE0CCC922BAC}.Release|Any CPU.ActiveCfg = Release|Any CPU
		{A4ABFF8B-E748-4D5A-A2BB-FE0CCC922BAC}.Release|Any CPU.Build.0 = Release|Any CPU
	EndGlobalSection
	GlobalSection(SolutionProperties) = preSolution
		HideSolutionNode = FALSE
	EndGlobalSection
	GlobalSection(ExtensibilityGlobals) = postSolution
		SolutionGuid = {D30236C9-25B2-46B0-9566-5DA75DE25486}
	EndGlobalSection
EndGlobal
